
Microsoft Visual Studio Solution File, Format Version 12.00
# Visual Studio Version 16
VisualStudioVersion = 16.0.31424.327
MinimumVisualStudioVersion = 10.0.40219.1
Project("{FAE04EC0-301F-11D3-BF4B-00C04F79EFBC}") = "ConsoleApp2", "ConsoleApp2\ConsoleApp2.csproj", "{458D1EB0-9B0F-4E73-ADBD-DBA0B3661691}"
EndProject
Global
	GlobalSection(SolutionConfigurationPlatforms) = preSolution
		Debug|Any CPU = Debug|Any CPU
		Release|Any CPU = Release|Any CPU
	EndGlobalSection
	GlobalSection(ProjectConfigurationPlatforms) = postSolution
		{458D1EB0-9B0F-4E73-ADBD-DBA0B3661691}.Debug|Any CPU.ActiveCfg = Debug|Any CPU
		{458D1EB0-9B0F-4E73-ADBD-DBA0B3661691}.Debug|Any CPU.Build.0 = Debug|Any CPU
		{458D1EB0-9B0F-4E73-ADBD-DBA0B3661691}.Release|Any CPU.ActiveCfg = Release|Any CPU
		{458D1EB0-9B0F-4E73-ADBD-DBA0B3661691}.Release|Any CPU.Build.0 = Release|Any CPU
	EndGlobalSection
	GlobalSection(SolutionProperties) = preSolution
		HideSolutionNode = FALSE
	EndGlobalSection
	GlobalSection(ExtensibilityGlobals) = postSolution
		SolutionGuid = {AE3FAC80-7E4F-4990-B43D-068682A25F6B}
	EndGlobalSection
EndGlobal
